
Microsoft Visual Studio Solution File, Format Version 12.00
# Visual Studio Version 16
VisualStudioVersion = 16.0.29613.14
MinimumVisualStudioVersion = 10.0.40219.1
Project("{FAE04EC0-301F-11D3-BF4B-00C04F79EFBC}") = "MaasBordro.API", "MaasBordro.API\MaasBordro.API.csproj", "{912FEB03-13F0-44D8-AFB0-F3AACB8BFFA8}"
EndProject
Project("{FAE04EC0-301F-11D3-BF4B-00C04F79EFBC}") = "MaasBordro.DAL", "MaasBordro.DAL\MaasBordro.DAL.csproj", "{0C3A9541-9AE3-4A46-952E-6A41B36E7C67}"
EndProject
Global
	GlobalSection(SolutionConfigurationPlatforms) = preSolution
		Debug|Any CPU = Debug|Any CPU
		Release|Any CPU = Release|Any CPU
	EndGlobalSection
	GlobalSection(ProjectConfigurationPlatforms) = postSolution
		{912FEB03-13F0-44D8-AFB0-F3AACB8BFFA8}.Debug|Any CPU.ActiveCfg = Debug|Any CPU
		{912FEB03-13F0-44D8-AFB0-F3AACB8BFFA8}.Debug|Any CPU.Build.0 = Debug|Any CPU
		{912FEB03-13F0-44D8-AFB0-F3AACB8BFFA8}.Release|Any CPU.ActiveCfg = Release|Any CPU
		{912FEB03-13F0-44D8-AFB0-F3AACB8BFFA8}.Release|Any CPU.Build.0 = Release|Any CPU
		{0C3A9541-9AE3-4A46-952E-6A41B36E7C67}.Debug|Any CPU.ActiveCfg = Debug|Any CPU
		{0C3A9541-9AE3-4A46-952E-6A41B36E7C67}.Debug|Any CPU.Build.0 = Debug|Any CPU
		{0C3A9541-9AE3-4A46-952E-6A41B36E7C67}.Release|Any CPU.ActiveCfg = Release|Any CPU
		{0C3A9541-9AE3-4A46-952E-6A41B36E7C67}.Release|Any CPU.Build.0 = Release|Any CPU
	EndGlobalSection
	GlobalSection(SolutionProperties) = preSolution
		HideSolutionNode = FALSE
	EndGlobalSection
	GlobalSection(ExtensibilityGlobals) = postSolution
		SolutionGuid = {95C8A8BA-44F1-44B4-BDBD-5817D6BD62EF}
	EndGlobalSection
EndGlobal
